
Microsoft Visual Studio Solution File, Format Version 12.00
# Visual Studio 15
VisualStudioVersion = 15.0.28307.1062
MinimumVisualStudioVersion = 10.0.40219.1
Project("{FAE04EC0-301F-11D3-BF4B-00C04F79EFBC}") = "TimeManagementSystem", "TimeManagementSystem.csproj", "{FC1F7B06-1F9B-42D0-B13F-8BFA26414AB3}"
EndProject
Global
	GlobalSection(SolutionConfigurationPlatforms) = preSolution
		Debug|Any CPU = Debug|Any CPU
		Release|Any CPU = Release|Any CPU
	EndGlobalSection
	GlobalSection(ProjectConfigurationPlatforms) = postSolution
		{FC1F7B06-1F9B-42D0-B13F-8BFA26414AB3}.Debug|Any CPU.ActiveCfg = Debug|Any CPU
		{FC1F7B06-1F9B-42D0-B13F-8BFA26414AB3}.Debug|Any CPU.Build.0 = Debug|Any CPU
		{FC1F7B06-1F9B-42D0-B13F-8BFA26414AB3}.Release|Any CPU.ActiveCfg = Release|Any CPU
		{FC1F7B06-1F9B-42D0-B13F-8BFA26414AB3}.Release|Any CPU.Build.0 = Release|Any CPU
	EndGlobalSection
	GlobalSection(SolutionProperties) = preSolution
		HideSolutionNode = FALSE
	EndGlobalSection
	GlobalSection(ExtensibilityGlobals) = postSolution
		SolutionGuid = {0D556B13-DAF1-4499-841A-3B891F3FEAA8}
	EndGlobalSection
EndGlobal
